
Microsoft Visual Studio Solution File, Format Version 12.00
# Visual Studio Version 16
VisualStudioVersion = 16.0.31129.286
MinimumVisualStudioVersion = 10.0.40219.1
Project("{FAE04EC0-301F-11D3-BF4B-00C04F79EFBC}") = "www.yasinkaya.org.Shared", "www.yasinkaya.org.Shared\www.yasinkaya.org.Shared.csproj", "{44E6D572-392D-4B70-AFD4-959337330909}"
EndProject
Project("{FAE04EC0-301F-11D3-BF4B-00C04F79EFBC}") = "www.yasinkaya.org.Entities", "www.yasinkaya.org.Entities\www.yasinkaya.org.Entities.csproj", "{7D1AE616-968A-4595-BF0B-DC5D3821AA54}"
EndProject
Project("{FAE04EC0-301F-11D3-BF4B-00C04F79EFBC}") = "www.yasinkaya.org.Data", "www.yasinkaya.org.Data\www.yasinkaya.org.Data.csproj", "{60589950-8022-45EF-BC84-B3C006EF5DD6}"
EndProject
Project("{FAE04EC0-301F-11D3-BF4B-00C04F79EFBC}") = "www.yasinkaya.org.Services", "www.yasinkaya.org.Services\www.yasinkaya.org.Services.csproj", "{3DA8A57A-4ADC-4787-803D-5E79D47796BA}"
EndProject
Project("{FAE04EC0-301F-11D3-BF4B-00C04F79EFBC}") = "www.yasinkaya.org.Mvc", "www.yasinkaya.org.Mvc\www.yasinkaya.org.Mvc.csproj", "{D73E3CCE-5034-475E-AECC-3ED59E8DAF8A}"
EndProject
Global
	GlobalSection(SolutionConfigurationPlatforms) = preSolution
		Debug|Any CPU = Debug|Any CPU
		Release|Any CPU = Release|Any CPU
	EndGlobalSection
	GlobalSection(ProjectConfigurationPlatforms) = postSolution
		{44E6D572-392D-4B70-AFD4-959337330909}.Debug|Any CPU.ActiveCfg = Debug|Any CPU
		{44E6D572-392D-4B70-AFD4-959337330909}.Debug|Any CPU.Build.0 = Debug|Any CPU
		{44E6D572-392D-4B70-AFD4-959337330909}.Release|Any CPU.ActiveCfg = Release|Any CPU
		{44E6D572-392D-4B70-AFD4-959337330909}.Release|Any CPU.Build.0 = Release|Any CPU
		{7D1AE616-968A-4595-BF0B-DC5D3821AA54}.Debug|Any CPU.ActiveCfg = Debug|Any CPU
		{7D1AE616-968A-4595-BF0B-DC5D3821AA54}.Debug|Any CPU.Build.0 = Debug|Any CPU
		{7D1AE616-968A-4595-BF0B-DC5D3821AA54}.Release|Any CPU.ActiveCfg = Release|Any CPU
		{7D1AE616-968A-4595-BF0B-DC5D3821AA54}.Release|Any CPU.Build.0 = Release|Any CPU
		{60589950-8022-45EF-BC84-B3C006EF5DD6}.Debug|Any CPU.ActiveCfg = Debug|Any CPU
		{60589950-8022-45EF-BC84-B3C006EF5DD6}.Debug|Any CPU.Build.0 = Debug|Any CPU
		{60589950-8022-45EF-BC84-B3C006EF5DD6}.Release|Any CPU.ActiveCfg = Release|Any CPU
		{60589950-8022-45EF-BC84-B3C006EF5DD6}.Release|Any CPU.Build.0 = Release|Any CPU
		{3DA8A57A-4ADC-4787-803D-5E79D47796BA}.Debug|Any CPU.ActiveCfg = Debug|Any CPU
		{3DA8A57A-4ADC-4787-803D-5E79D47796BA}.Debug|Any CPU.Build.0 = Debug|Any CPU
		{3DA8A57A-4ADC-4787-803D-5E79D47796BA}.Release|Any CPU.ActiveCfg = Release|Any CPU
		{3DA8A57A-4ADC-4787-803D-5E79D47796BA}.Release|Any CPU.Build.0 = Release|Any CPU
		{D73E3CCE-5034-475E-AECC-3ED59E8DAF8A}.Debug|Any CPU.ActiveCfg = Debug|Any CPU
		{D73E3CCE-5034-475E-AECC-3ED59E8DAF8A}.Debug|Any CPU.Build.0 = Debug|Any CPU
		{D73E3CCE-5034-475E-AECC-3ED59E8DAF8A}.Release|Any CPU.ActiveCfg = Release|Any CPU
		{D73E3CCE-5034-475E-AECC-3ED59E8DAF8A}.Release|Any CPU.Build.0 = Release|Any CPU
	EndGlobalSection
	GlobalSection(SolutionProperties) = preSolution
		HideSolutionNode = FALSE
	EndGlobalSection
	GlobalSection(ExtensibilityGlobals) = postSolution
		SolutionGuid = {1CA09FE4-B058-4FB4-9DE2-26259DD70FA2}
	EndGlobalSection
EndGlobal
